
Microsoft Visual Studio Solution File, Format Version 12.00
# Visual Studio Version 17
VisualStudioVersion = 17.6.33723.286
MinimumVisualStudioVersion = 10.0.40219.1
Project("{FAE04EC0-301F-11D3-BF4B-00C04F79EFBC}") = "RecapDemo1", "RecapDemo1\RecapDemo1.csproj", "{493C9781-EB5A-4D0B-A37B-B3E6085C9A16}"
EndProject
Global
	GlobalSection(SolutionConfigurationPlatforms) = preSolution
		Debug|Any CPU = Debug|Any CPU
		Release|Any CPU = Release|Any CPU
	EndGlobalSection
	GlobalSection(ProjectConfigurationPlatforms) = postSolution
		{493C9781-EB5A-4D0B-A37B-B3E6085C9A16}.Debug|Any CPU.ActiveCfg = Debug|Any CPU
		{493C9781-EB5A-4D0B-A37B-B3E6085C9A16}.Debug|Any CPU.Build.0 = Debug|Any CPU
		{493C9781-EB5A-4D0B-A37B-B3E6085C9A16}.Release|Any CPU.ActiveCfg = Release|Any CPU
		{493C9781-EB5A-4D0B-A37B-B3E6085C9A16}.Release|Any CPU.Build.0 = Release|Any CPU
	EndGlobalSection
	GlobalSection(SolutionProperties) = preSolution
		HideSolutionNode = FALSE
	EndGlobalSection
	GlobalSection(ExtensibilityGlobals) = postSolution
		SolutionGuid = {04DDDF4A-3B78-42BB-9FD1-DAB7E7150028}
	EndGlobalSection
EndGlobal
